<Solution>
  <Project Path="HoneyDrunk.Vault.Rotation.Abstractions/HoneyDrunk.Vault.Rotation.Abstractions.csproj" />
  <Project Path="HoneyDrunk.Vault.Rotation.Providers/HoneyDrunk.Vault.Rotation.Providers.csproj" />
  <Project Path="HoneyDrunk.Vault.Rotation/HoneyDrunk.Vault.Rotation.csproj" />
  <Project Path="HoneyDrunk.Vault.Rotation.Canary/HoneyDrunk.Vault.Rotation.Canary.csproj" />
  <Project Path="HoneyDrunk.Vault.Rotation.Tests/HoneyDrunk.Vault.Rotation.Tests.csproj" />
</Solution>
